
Microsoft Visual Studio Solution File, Format Version 12.00
# Visual Studio Version 17
VisualStudioVersion = 17.11.35312.102
MinimumVisualStudioVersion = 10.0.40219.1
Project("{9A19103F-16F7-4668-BE54-9A1E7A4F7556}") = "No_Thread_Safe_Singleton", "No_Thread_Safe_Singleton\No_Thread_Safe_Singleton.csproj", "{4FBC69A1-72D4-4D3E-9E42-671C3D3AF920}"
EndProject
Project("{FAE04EC0-301F-11D3-BF4B-00C04F79EFBC}") = "No_Thread_Safe_Singleton1", "No_Thread_Safe_Singleton1\No_Thread_Safe_Singleton1.csproj", "{58447820-89D8-4D27-BE9D-C9F6FA20BD48}"
EndProject
Project("{FAE04EC0-301F-11D3-BF4B-00C04F79EFBC}") = "Thread_Safe_Singleton", "Thread_Safe_Singleton\Thread_Safe_Singleton.csproj", "{54D11E40-159E-43A6-8B29-C1EBCBCA79C3}"
EndProject
Global
	GlobalSection(SolutionConfigurationPlatforms) = preSolution
		Debug|Any CPU = Debug|Any CPU
		Release|Any CPU = Release|Any CPU
	EndGlobalSection
	GlobalSection(ProjectConfigurationPlatforms) = postSolution
		{4FBC69A1-72D4-4D3E-9E42-671C3D3AF920}.Debug|Any CPU.ActiveCfg = Debug|Any CPU
		{4FBC69A1-72D4-4D3E-9E42-671C3D3AF920}.Debug|Any CPU.Build.0 = Debug|Any CPU
		{4FBC69A1-72D4-4D3E-9E42-671C3D3AF920}.Release|Any CPU.ActiveCfg = Release|Any CPU
		{4FBC69A1-72D4-4D3E-9E42-671C3D3AF920}.Release|Any CPU.Build.0 = Release|Any CPU
		{58447820-89D8-4D27-BE9D-C9F6FA20BD48}.Debug|Any CPU.ActiveCfg = Debug|Any CPU
		{58447820-89D8-4D27-BE9D-C9F6FA20BD48}.Debug|Any CPU.Build.0 = Debug|Any CPU
		{58447820-89D8-4D27-BE9D-C9F6FA20BD48}.Release|Any CPU.ActiveCfg = Release|Any CPU
		{58447820-89D8-4D27-BE9D-C9F6FA20BD48}.Release|Any CPU.Build.0 = Release|Any CPU
		{54D11E40-159E-43A6-8B29-C1EBCBCA79C3}.Debug|Any CPU.ActiveCfg = Debug|Any CPU
		{54D11E40-159E-43A6-8B29-C1EBCBCA79C3}.Debug|Any CPU.Build.0 = Debug|Any CPU
		{54D11E40-159E-43A6-8B29-C1EBCBCA79C3}.Release|Any CPU.ActiveCfg = Release|Any CPU
		{54D11E40-159E-43A6-8B29-C1EBCBCA79C3}.Release|Any CPU.Build.0 = Release|Any CPU
	EndGlobalSection
	GlobalSection(SolutionProperties) = preSolution
		HideSolutionNode = FALSE
	EndGlobalSection
	GlobalSection(ExtensibilityGlobals) = postSolution
		SolutionGuid = {A35A14A5-2EC5-4933-AED7-0A6910AF8B71}
	EndGlobalSection
EndGlobal
